// !$*UTF8*$!
{
	archiveVersion = 1;
	classes = {
	};
	objectVersion = 55;
	objects = {

/* Begin PBXBuildFile section */
		695E716F27E1E7FF00277886 /* AsyncApp.swift in Sources */ = {isa = PBXBuildFile; fileRef = 695E715F27E1E7FE00277886 /* AsyncApp.swift */; };
		695E717127E1E7FF00277886 /* FeedView.swift in Sources */ = {isa = PBXBuildFile; fileRef = 695E716027E1E7FE00277886 /* FeedView.swift */; };
		695E717327E1E7FF00277886 /* Assets.xcassets in Resources */ = {isa = PBXBuildFile; fileRef = 695E716127E1E7FF00277886 /* Assets.xcassets */; };
		695E717F27E1E93D00277886 /* Post.swift in Sources */ = {isa = PBXBuildFile; fileRef = 695E717E27E1E93D00277886 /* Post.swift */; };
		695E718127E1E94D00277886 /* User.swift in Sources */ = {isa = PBXBuildFile; fileRef = 695E718027E1E94D00277886 /* User.swift */; };
		695E718327E1E96800277886 /* Comment.swift in Sources */ = {isa = PBXBuildFile; fileRef = 695E718227E1E96800277886 /* Comment.swift */; };
		695E718627E1E9BB00277886 /* APIService.swift in Sources */ = {isa = PBXBuildFile; fileRef = 695E718527E1E9BB00277886 /* APIService.swift */; };
		695E718827E1ECF400277886 /* LoadingState.swift in Sources */ = {isa = PBXBuildFile; fileRef = 695E718727E1ECF400277886 /* LoadingState.swift */; };
		695E718A27E1F4FD00277886 /* PostView.swift in Sources */ = {isa = PBXBuildFile; fileRef = 695E718927E1F4FD00277886 /* PostView.swift */; };
/* End PBXBuildFile section */

/* Begin PBXFileReference section */
		695E715F27E1E7FE00277886 /* AsyncApp.swift */ = {isa = PBXFileReference; lastKnownFileType = sourcecode.swift; path = AsyncApp.swift; sourceTree = "<group>"; };
		695E716027E1E7FE00277886 /* FeedView.swift */ = {isa = PBXFileReference; lastKnownFileType = sourcecode.swift; path = FeedView.swift; sourceTree = "<group>"; };
		695E716127E1E7FF00277886 /* Assets.xcassets */ = {isa = PBXFileReference; lastKnownFileType = folder.assetcatalog; path = Assets.xcassets; sourceTree = "<group>"; };
		695E716627E1E7FF00277886 /* Async.app */ = {isa = PBXFileReference; explicitFileType = wrapper.application; includeInIndex = 0; path = Async.app; sourceTree = BUILT_PRODUCTS_DIR; };
		695E717E27E1E93D00277886 /* Post.swift */ = {isa = PBXFileReference; lastKnownFileType = sourcecode.swift; path = Post.swift; sourceTree = "<group>"; };
		695E718027E1E94D00277886 /* User.swift */ = {isa = PBXFileReference; lastKnownFileType = sourcecode.swift; path = User.swift; sourceTree = "<group>"; };
		695E718227E1E96800277886 /* Comment.swift */ = {isa = PBXFileReference; lastKnownFileType = sourcecode.swift; path = Comment.swift; sourceTree = "<group>"; };
		695E718527E1E9BB00277886 /* APIService.swift */ = {isa = PBXFileReference; lastKnownFileType = sourcecode.swift; path = APIService.swift; sourceTree = "<group>"; };
		695E718727E1ECF400277886 /* LoadingState.swift */ = {isa = PBXFileReference; lastKnownFileType = sourcecode.swift; path = LoadingState.swift; sourceTree = "<group>"; };
		695E718927E1F4FD00277886 /* PostView.swift */ = {isa = PBXFileReference; lastKnownFileType = sourcecode.swift; path = PostView.swift; sourceTree = "<group>"; };
/* End PBXFileReference section */

/* Begin PBXFrameworksBuildPhase section */
		695E716327E1E7FF00277886 /* Frameworks */ = {
			isa = PBXFrameworksBuildPhase;
			buildActionMask = 2147483647;
			files = (
			);
			runOnlyForDeploymentPostprocessing = 0;
		};
/* End PBXFrameworksBuildPhase section */

/* Begin PBXGroup section */
		695E715927E1E7FE00277886 = {
			isa = PBXGroup;
			children = (
				695E718427E1E9B100277886 /* Services */,
				695E717D27E1E91700277886 /* Model */,
				695E715F27E1E7FE00277886 /* AsyncApp.swift */,
				695E716027E1E7FE00277886 /* FeedView.swift */,
				695E718927E1F4FD00277886 /* PostView.swift */,
				695E716127E1E7FF00277886 /* Assets.xcassets */,
				695E716727E1E7FF00277886 /* Products */,
			);
			sourceTree = "<group>";
		};
		695E716727E1E7FF00277886 /* Products */ = {
			isa = PBXGroup;
			children = (
				695E716627E1E7FF00277886 /* Async.app */,
			);
			name = Products;
			sourceTree = "<group>";
		};
		695E717D27E1E91700277886 /* Model */ = {
			isa = PBXGroup;
			children = (
				695E717E27E1E93D00277886 /* Post.swift */,
				695E718027E1E94D00277886 /* User.swift */,
				695E718227E1E96800277886 /* Comment.swift */,
				695E718727E1ECF400277886 /* LoadingState.swift */,
			);
			path = Model;
			sourceTree = "<group>";
		};
		695E718427E1E9B100277886 /* Services */ = {
			isa = PBXGroup;
			children = (
				695E718527E1E9BB00277886 /* APIService.swift */,
			);
			path = Services;
			sourceTree = "<group>";
		};
/* End PBXGroup section */

/* Begin PBXNativeTarget section */
		695E716527E1E7FF00277886 /* Async */ = {
			isa = PBXNativeTarget;
			buildConfigurationList = 695E717727E1E7FF00277886 /* Build configuration list for PBXNativeTarget "Async" */;
			buildPhases = (
				695E716227E1E7FF00277886 /* Sources */,
				695E716327E1E7FF00277886 /* Frameworks */,
				695E716427E1E7FF00277886 /* Resources */,
			);
			buildRules = (
			);
			dependencies = (
			);
			name = Async;
			productName = "Async (iOS)";
			productReference = 695E716627E1E7FF00277886 /* Async.app */;
			productType = "com.apple.product-type.application";
		};
/* End PBXNativeTarget section */

/* Begin PBXProject section */
		695E715A27E1E7FE00277886 /* Project object */ = {
			isa = PBXProject;
			attributes = {
				BuildIndependentTargetsInParallel = 1;
				LastSwiftUpdateCheck = 1330;
				LastUpgradeCheck = 1330;
				TargetAttributes = {
					695E716527E1E7FF00277886 = {
						CreatedOnToolsVersion = 13.3;
					};
				};
			};
			buildConfigurationList = 695E715D27E1E7FE00277886 /* Build configuration list for PBXProject "Async" */;
			compatibilityVersion = "Xcode 13.0";
			developmentRegion = en;
			hasScannedForEncodings = 0;
			knownRegions = (
				en,
				Base,
			);
			mainGroup = 695E715927E1E7FE00277886;
			productRefGroup = 695E716727E1E7FF00277886 /* Products */;
			projectDirPath = "";
			projectRoot = "";
			targets = (
				695E716527E1E7FF00277886 /* Async */,
			);
		};
/* End PBXProject section */

/* Begin PBXResourcesBuildPhase section */
		695E716427E1E7FF00277886 /* Resources */ = {
			isa = PBXResourcesBuildPhase;
			buildActionMask = 2147483647;
			files = (
				695E717327E1E7FF00277886 /* Assets.xcassets in Resources */,
			);
			runOnlyForDeploymentPostprocessing = 0;
		};
/* End PBXResourcesBuildPhase section */

/* Begin PBXSourcesBuildPhase section */
		695E716227E1E7FF00277886 /* Sources */ = {
			isa = PBXSourcesBuildPhase;
			buildActionMask = 2147483647;
			files = (
				695E718327E1E96800277886 /* Comment.swift in Sources */,
				695E718827E1ECF400277886 /* LoadingState.swift in Sources */,
				695E718A27E1F4FD00277886 /* PostView.swift in Sources */,
				695E718127E1E94D00277886 /* User.swift in Sources */,
				695E717F27E1E93D00277886 /* Post.swift in Sources */,
				695E717127E1E7FF00277886 /* FeedView.swift in Sources */,
				695E718627E1E9BB00277886 /* APIService.swift in Sources */,
				695E716F27E1E7FF00277886 /* AsyncApp.swift in Sources */,
			);
			runOnlyForDeploymentPostprocessing = 0;
		};
/* End PBXSourcesBuildPhase section */

/* Begin XCBuildConfiguration section */
		695E717527E1E7FF00277886 /* Debug */ = {
			isa = XCBuildConfiguration;
			buildSettings = {
				ALWAYS_SEARCH_USER_PATHS = NO;
				CLANG_ANALYZER_NONNULL = YES;
				CLANG_ANALYZER_NUMBER_OBJECT_CONVERSION = YES_AGGRESSIVE;
				CLANG_CXX_LANGUAGE_STANDARD = "gnu++17";
				CLANG_ENABLE_MODULES = YES;
				CLANG_ENABLE_OBJC_ARC = YES;
				CLANG_ENABLE_OBJC_WEAK = YES;
				CLANG_WARN_BLOCK_CAPTURE_AUTORELEASING = YES;
				CLANG_WARN_BOOL_CONVERSION = YES;
				CLANG_WARN_COMMA = YES;
				CLANG_WARN_CONSTANT_CONVERSION = YES;
				CLANG_WARN_DEPRECATED_OBJC_IMPLEMENTATIONS = YES;
				CLANG_WARN_DIRECT_OBJC_ISA_USAGE = YES_ERROR;
				CLANG_WARN_DOCUMENTATION_COMMENTS = YES;
				CLANG_WARN_EMPTY_BODY = YES;
				CLANG_WARN_ENUM_CONVERSION = YES;
				CLANG_WARN_INFINITE_RECURSION = YES;
				CLANG_WARN_INT_CONVERSION = YES;
				CLANG_WARN_NON_LITERAL_NULL_CONVERSION = YES;
				CLANG_WARN_OBJC_IMPLICIT_RETAIN_SELF = YES;
				CLANG_WARN_OBJC_LITERAL_CONVERSION = YES;
				CLANG_WARN_OBJC_ROOT_CLASS = YES_ERROR;
				CLANG_WARN_QUOTED_INCLUDE_IN_FRAMEWORK_HEADER = YES;
				CLANG_WARN_RANGE_LOOP_ANALYSIS = YES;
				CLANG_WARN_STRICT_PROTOTYPES = YES;
				CLANG_WARN_SUSPICIOUS_MOVE = YES;
				CLANG_WARN_UNGUARDED_AVAILABILITY = YES_AGGRESSIVE;
				CLANG_WARN_UNREACHABLE_CODE = YES;
				CLANG_WARN__DUPLICATE_METHOD_MATCH = YES;
				COPY_PHASE_STRIP = NO;
				DEBUG_INFORMATION_FORMAT = dwarf;
				ENABLE_STRICT_OBJC_MSGSEND = YES;
				ENABLE_TESTABILITY = YES;
				GCC_C_LANGUAGE_STANDARD = gnu11;
				GCC_DYNAMIC_NO_PIC = NO;
				GCC_NO_COMMON_BLOCKS = YES;
				GCC_OPTIMIZATION_LEVEL = 0;
				GCC_PREPROCESSOR_DEFINITIONS = (
					"DEBUG=1",
					"$(inherited)",
				);
				GCC_WARN_64_TO_32_BIT_CONVERSION = YES;
				GCC_WARN_ABOUT_RETURN_TYPE = YES_ERROR;
				GCC_WARN_UNDECLARED_SELECTOR = YES;
				GCC_WARN_UNINITIALIZED_AUTOS = YES_AGGRESSIVE;
				GCC_WARN_UNUSED_FUNCTION = YES;
				GCC_WARN_UNUSED_VARIABLE = YES;
				MTL_ENABLE_DEBUG_INFO = INCLUDE_SOURCE;
				MTL_FAST_MATH = YES;
				ONLY_ACTIVE_ARCH = YES;
				SWIFT_ACTIVE_COMPILATION_CONDITIONS = DEBUG;
				SWIFT_OPTIMIZATION_LEVEL = "-Onone";
			};
			name = Debug;
		};
		695E717627E1E7FF00277886 /* Release */ = {
			isa = XCBuildConfiguration;
			buildSettings = {
				ALWAYS_SEARCH_USER_PATHS = NO;
				CLANG_ANALYZER_NONNULL = YES;
				CLANG_ANALYZER_NUMBER_OBJECT_CONVERSION = YES_AGGRESSIVE;
				CLANG_CXX_LANGUAGE_STANDARD = "gnu++17";
				CLANG_ENABLE_MODULES = YES;
				CLANG_ENABLE_OBJC_ARC = YES;
				CLANG_ENABLE_OBJC_WEAK = YES;
				CLANG_WARN_BLOCK_CAPTURE_AUTORELEASING = YES;
				CLANG_WARN_BOOL_CONVERSION = YES;
				CLANG_WARN_COMMA = YES;
				CLANG_WARN_CONSTANT_CONVERSION = YES;
				CLANG_WARN_DEPRECATED_OBJC_IMPLEMENTATIONS = YES;
				CLANG_WARN_DIRECT_OBJC_ISA_USAGE = YES_ERROR;
				CLANG_WARN_DOCUMENTATION_COMMENTS = YES;
				CLANG_WARN_EMPTY_BODY = YES;
				CLANG_WARN_ENUM_CONVERSION = YES;
				CLANG_WARN_INFINITE_RECURSION = YES;
				CLANG_WARN_INT_CONVERSION = YES;
				CLANG_WARN_NON_LITERAL_NULL_CONVERSION = YES;
				CLANG_WARN_OBJC_IMPLICIT_RETAIN_SELF = YES;
				CLANG_WARN_OBJC_LITERAL_CONVERSION = YES;
				CLANG_WARN_OBJC_ROOT_CLASS = YES_ERROR;
				CLANG_WARN_QUOTED_INCLUDE_IN_FRAMEWORK_HEADER = YES;
				CLANG_WARN_RANGE_LOOP_ANALYSIS = YES;
				CLANG_WARN_STRICT_PROTOTYPES = YES;
				CLANG_WARN_SUSPICIOUS_MOVE = YES;
				CLANG_WARN_UNGUARDED_AVAILABILITY = YES_AGGRESSIVE;
				CLANG_WARN_UNREACHABLE_CODE = YES;
				CLANG_WARN__DUPLICATE_METHOD_MATCH = YES;
				COPY_PHASE_STRIP = NO;
				DEBUG_INFORMATION_FORMAT = "dwarf-with-dsym";
				ENABLE_NS_ASSERTIONS = NO;
				ENABLE_STRICT_OBJC_MSGSEND = YES;
				GCC_C_LANGUAGE_STANDARD = gnu11;
				GCC_NO_COMMON_BLOCKS = YES;
				GCC_WARN_64_TO_32_BIT_CONVERSION = YES;
				GCC_WARN_ABOUT_RETURN_TYPE = YES_ERROR;
				GCC_WARN_UNDECLARED_SELECTOR = YES;
				GCC_WARN_UNINITIALIZED_AUTOS = YES_AGGRESSIVE;
				GCC_WARN_UNUSED_FUNCTION = YES;
				GCC_WARN_UNUSED_VARIABLE = YES;
				MTL_ENABLE_DEBUG_INFO = NO;
				MTL_FAST_MATH = YES;
				SWIFT_COMPILATION_MODE = wholemodule;
				SWIFT_OPTIMIZATION_LEVEL = "-O";
			};
			name = Release;
		};
		695E717827E1E7FF00277886 /* Debug */ = {
			isa = XCBuildConfiguration;
			buildSettings = {
				ASSETCATALOG_COMPILER_APPICON_NAME = AppIcon;
				ASSETCATALOG_COMPILER_GLOBAL_ACCENT_COLOR_NAME = AccentColor;
				CODE_SIGN_STYLE = Automatic;
				CURRENT_PROJECT_VERSION = 1;
				ENABLE_PREVIEWS = YES;
				GENERATE_INFOPLIST_FILE = YES;
				INFOPLIST_KEY_UIApplicationSceneManifest_Generation = YES;
				INFOPLIST_KEY_UIApplicationSupportsIndirectInputEvents = YES;
				INFOPLIST_KEY_UILaunchScreen_Generation = YES;
				INFOPLIST_KEY_UISupportedInterfaceOrientations_iPad = "UIInterfaceOrientationPortrait UIInterfaceOrientationPortraitUpsideDown UIInterfaceOrientationLandscapeLeft UIInterfaceOrientationLandscapeRight";
				INFOPLIST_KEY_UISupportedInterfaceOrientations_iPhone = "UIInterfaceOrientationPortrait UIInterfaceOrientationLandscapeLeft UIInterfaceOrientationLandscapeRight";
				IPHONEOS_DEPLOYMENT_TARGET = 15.4;
				LD_RUNPATH_SEARCH_PATHS = (
					"$(inherited)",
					"@executable_path/Frameworks",
				);
				MARKETING_VERSION = 1.0;
				PRODUCT_BUNDLE_IDENTIFIER = fit.cvut.Async;
				PRODUCT_NAME = Async;
				SDKROOT = iphoneos;
				SWIFT_EMIT_LOC_STRINGS = YES;
				SWIFT_VERSION = 5.0;
				TARGETED_DEVICE_FAMILY = "1,2";
			};
			name = Debug;
		};
		695E717927E1E7FF00277886 /* Release */ = {
			isa = XCBuildConfiguration;
			buildSettings = {
				ASSETCATALOG_COMPILER_APPICON_NAME = AppIcon;
				ASSETCATALOG_COMPILER_GLOBAL_ACCENT_COLOR_NAME = AccentColor;
				CODE_SIGN_STYLE = Automatic;
				CURRENT_PROJECT_VERSION = 1;
				ENABLE_PREVIEWS = YES;
				GENERATE_INFOPLIST_FILE = YES;
				INFOPLIST_KEY_UIApplicationSceneManifest_Generation = YES;
				INFOPLIST_KEY_UIApplicationSupportsIndirectInputEvents = YES;
				INFOPLIST_KEY_UILaunchScreen_Generation = YES;
				INFOPLIST_KEY_UISupportedInterfaceOrientations_iPad = "UIInterfaceOrientationPortrait UIInterfaceOrientationPortraitUpsideDown UIInterfaceOrientationLandscapeLeft UIInterfaceOrientationLandscapeRight";
				INFOPLIST_KEY_UISupportedInterfaceOrientations_iPhone = "UIInterfaceOrientationPortrait UIInterfaceOrientationLandscapeLeft UIInterfaceOrientationLandscapeRight";
				IPHONEOS_DEPLOYMENT_TARGET = 15.4;
				LD_RUNPATH_SEARCH_PATHS = (
					"$(inherited)",
					"@executable_path/Frameworks",
				);
				MARKETING_VERSION = 1.0;
				PRODUCT_BUNDLE_IDENTIFIER = fit.cvut.Async;
				PRODUCT_NAME = Async;
				SDKROOT = iphoneos;
				SWIFT_EMIT_LOC_STRINGS = YES;
				SWIFT_VERSION = 5.0;
				TARGETED_DEVICE_FAMILY = "1,2";
				VALIDATE_PRODUCT = YES;
			};
			name = Release;
		};
/* End XCBuildConfiguration section */

/* Begin XCConfigurationList section */
		695E715D27E1E7FE00277886 /* Build configuration list for PBXProject "Async" */ = {
			isa = XCConfigurationList;
			buildConfigurations = (
				695E717527E1E7FF00277886 /* Debug */,
				695E717627E1E7FF00277886 /* Release */,
			);
			defaultConfigurationIsVisible = 0;
			defaultConfigurationName = Release;
		};
		695E717727E1E7FF00277886 /* Build configuration list for PBXNativeTarget "Async" */ = {
			isa = XCConfigurationList;
			buildConfigurations = (
				695E717827E1E7FF00277886 /* Debug */,
				695E717927E1E7FF00277886 /* Release */,
			);
			defaultConfigurationIsVisible = 0;
			defaultConfigurationName = Release;
		};
/* End XCConfigurationList section */
	};
	rootObject = 695E715A27E1E7FE00277886 /* Project object */;
}
